
Microsoft Visual Studio Solution File, Format Version 12.00
# Visual Studio Version 17
VisualStudioVersion = 17.14.36811.4 d17.14
MinimumVisualStudioVersion = 10.0.40219.1
Project("{FAE04EC0-301F-11D3-BF4B-00C04F79EFBC}") = "PLTaTM", "PLTaTM\PLTaTM.csproj", "{5C0B522B-9090-42FA-9DF0-1768D19E80B9}"
EndProject
Global
	GlobalSection(SolutionConfigurationPlatforms) = preSolution
		Debug|Any CPU = Debug|Any CPU
		Release|Any CPU = Release|Any CPU
	EndGlobalSection
	GlobalSection(ProjectConfigurationPlatforms) = postSolution
		{5C0B522B-9090-42FA-9DF0-1768D19E80B9}.Debug|Any CPU.ActiveCfg = Debug|Any CPU
		{5C0B522B-9090-42FA-9DF0-1768D19E80B9}.Debug|Any CPU.Build.0 = Debug|Any CPU
		{5C0B522B-9090-42FA-9DF0-1768D19E80B9}.Release|Any CPU.ActiveCfg = Release|Any CPU
		{5C0B522B-9090-42FA-9DF0-1768D19E80B9}.Release|Any CPU.Build.0 = Release|Any CPU
	EndGlobalSection
	GlobalSection(SolutionProperties) = preSolution
		HideSolutionNode = FALSE
	EndGlobalSection
	GlobalSection(ExtensibilityGlobals) = postSolution
		SolutionGuid = {5A25BB40-1FB1-49D7-BF0A-2D2DF24A3989}
	EndGlobalSection
EndGlobal
